
Microsoft Visual Studio Solution File, Format Version 12.00
# Visual Studio 2013
VisualStudioVersion = 12.0.21005.1
MinimumVisualStudioVersion = 10.0.40219.1
Project("{FAE04EC0-301F-11D3-BF4B-00C04F79EFBC}") = "newrefr", "newrefr\newrefr.csproj", "{C1A5914B-FBBE-489C-B215-278C090D2DFE}"
EndProject
Global
	GlobalSection(SolutionConfigurationPlatforms) = preSolution
		Debug|Any CPU = Debug|Any CPU
		Release|Any CPU = Release|Any CPU
	EndGlobalSection
	GlobalSection(ProjectConfigurationPlatforms) = postSolution
		{C1A5914B-FBBE-489C-B215-278C090D2DFE}.Debug|Any CPU.ActiveCfg = Debug|Any CPU
		{C1A5914B-FBBE-489C-B215-278C090D2DFE}.Debug|Any CPU.Build.0 = Debug|Any CPU
		{C1A5914B-FBBE-489C-B215-278C090D2DFE}.Release|Any CPU.ActiveCfg = Release|Any CPU
		{C1A5914B-FBBE-489C-B215-278C090D2DFE}.Release|Any CPU.Build.0 = Release|Any CPU
	EndGlobalSection
	GlobalSection(SolutionProperties) = preSolution
		HideSolutionNode = FALSE
	EndGlobalSection
EndGlobal
